
Microsoft Visual Studio Solution File, Format Version 12.00
# Visual Studio Version 18
VisualStudioVersion = 18.5.11723.231 stable
MinimumVisualStudioVersion = 10.0.40219.1
Project("{FAE04EC0-301F-11D3-BF4B-00C04F79EFBC}") = "ManagerApplicationSystem", "ManagerApplicationSystem.csproj", "{354F75CD-A018-6880-0852-F0A9A53F7F6C}"
EndProject
Global
	GlobalSection(SolutionConfigurationPlatforms) = preSolution
		Debug|Any CPU = Debug|Any CPU
		Release|Any CPU = Release|Any CPU
	EndGlobalSection
	GlobalSection(ProjectConfigurationPlatforms) = postSolution
		{354F75CD-A018-6880-0852-F0A9A53F7F6C}.Debug|Any CPU.ActiveCfg = Debug|Any CPU
		{354F75CD-A018-6880-0852-F0A9A53F7F6C}.Debug|Any CPU.Build.0 = Debug|Any CPU
		{354F75CD-A018-6880-0852-F0A9A53F7F6C}.Release|Any CPU.ActiveCfg = Release|Any CPU
		{354F75CD-A018-6880-0852-F0A9A53F7F6C}.Release|Any CPU.Build.0 = Release|Any CPU
	EndGlobalSection
	GlobalSection(SolutionProperties) = preSolution
		HideSolutionNode = FALSE
	EndGlobalSection
	GlobalSection(ExtensibilityGlobals) = postSolution
		SolutionGuid = {54D465F3-5CA8-4A96-BC8B-497B033D01EC}
	EndGlobalSection
EndGlobal
